
Microsoft Visual Studio Solution File, Format Version 12.00
# Visual Studio Version 16
VisualStudioVersion = 16.0.31025.194
MinimumVisualStudioVersion = 10.0.40219.1
Project("{888888A0-9F3D-457C-B088-3A5042F75D52}") = "Gcast", "Gcast\Gcast.pyproj", "{799067C0-668D-48CC-961C-9C5B957AAFB5}"
EndProject
Global
	GlobalSection(SolutionConfigurationPlatforms) = preSolution
		Debug|Any CPU = Debug|Any CPU
		Release|Any CPU = Release|Any CPU
	EndGlobalSection
	GlobalSection(ProjectConfigurationPlatforms) = postSolution
		{799067C0-668D-48CC-961C-9C5B957AAFB5}.Debug|Any CPU.ActiveCfg = Debug|Any CPU
		{799067C0-668D-48CC-961C-9C5B957AAFB5}.Release|Any CPU.ActiveCfg = Release|Any CPU
	EndGlobalSection
	GlobalSection(SolutionProperties) = preSolution
		HideSolutionNode = FALSE
	EndGlobalSection
	GlobalSection(ExtensibilityGlobals) = postSolution
		SolutionGuid = {C815A7D7-34A8-490A-8E8F-4CE976595341}
	EndGlobalSection
EndGlobal
